// !$*UTF8*$!
{
	archiveVersion = 1;
	classes = {
	};
	objectVersion = 46;
	objects = {

/* Begin PBXBuildFile section */
		188FB0511AECF5DA0040EE3E /* main.m in Sources */ = {isa = PBXBuildFile; fileRef = 188FB0501AECF5DA0040EE3E /* main.m */; };
		188FB0541AECF5DA0040EE3E /* AppDelegate.m in Sources */ = {isa = PBXBuildFile; fileRef = 188FB0531AECF5DA0040EE3E /* AppDelegate.m */; };
		188FB0571AECF5DA0040EE3E /* ViewController.m in Sources */ = {isa = PBXBuildFile; fileRef = 188FB0561AECF5DA0040EE3E /* ViewController.m */; };
		188FB05A1AECF5DA0040EE3E /* Main.storyboard in Resources */ = {isa = PBXBuildFile; fileRef = 188FB0581AECF5DA0040EE3E /* Main.storyboard */; };
		188FB05C1AECF5DA0040EE3E /* Images.xcassets in Resources */ = {isa = PBXBuildFile; fileRef = 188FB05B1AECF5DA0040EE3E /* Images.xcassets */; };
		188FB05F1AECF5DA0040EE3E /* LaunchScreen.xib in Resources */ = {isa = PBXBuildFile; fileRef = 188FB05D1AECF5DA0040EE3E /* LaunchScreen.xib */; };
		188FB06B1AECF5DA0040EE3E /* youtuber_playerTests.m in Sources */ = {isa = PBXBuildFile; fileRef = 188FB06A1AECF5DA0040EE3E /* youtuber_playerTests.m */; };
		E03485FE16857C8328C4554C /* libPods-youtuber-player.a in Frameworks */ = {isa = PBXBuildFile; fileRef = 029E27E7ED9F6766EA0B71E2 /* libPods-youtuber-player.a */; };
/* End PBXBuildFile section */

/* Begin PBXContainerItemProxy section */
		188FB0651AECF5DA0040EE3E /* PBXContainerItemProxy */ = {
			isa = PBXContainerItemProxy;
			containerPortal = 188FB0431AECF5DA0040EE3E /* Project object */;
			proxyType = 1;
			remoteGlobalIDString = 188FB04A1AECF5DA0040EE3E;
			remoteInfo = "youtuber-player";
		};
/* End PBXContainerItemProxy section */

/* Begin PBXFileReference section */
		029E27E7ED9F6766EA0B71E2 /* libPods-youtuber-player.a */ = {isa = PBXFileReference; explicitFileType = archive.ar; includeInIndex = 0; path = "libPods-youtuber-player.a"; sourceTree = BUILT_PRODUCTS_DIR; };
		188FB04B1AECF5DA0040EE3E /* youtuber-player.app */ = {isa = PBXFileReference; explicitFileType = wrapper.application; includeInIndex = 0; path = "youtuber-player.app"; sourceTree = BUILT_PRODUCTS_DIR; };
		188FB04F1AECF5DA0040EE3E /* Info.plist */ = {isa = PBXFileReference; lastKnownFileType = text.plist.xml; path = Info.plist; sourceTree = "<group>"; };
		188FB0501AECF5DA0040EE3E /* main.m */ = {isa = PBXFileReference; lastKnownFileType = sourcecode.c.objc; path = main.m; sourceTree = "<group>"; };
		188FB0521AECF5DA0040EE3E /* AppDelegate.h */ = {isa = PBXFileReference; lastKnownFileType = sourcecode.c.h; path = AppDelegate.h; sourceTree = "<group>"; };
		188FB0531AECF5DA0040EE3E /* AppDelegate.m */ = {isa = PBXFileReference; lastKnownFileType = sourcecode.c.objc; path = AppDelegate.m; sourceTree = "<group>"; };
		188FB0551AECF5DA0040EE3E /* ViewController.h */ = {isa = PBXFileReference; lastKnownFileType = sourcecode.c.h; path = ViewController.h; sourceTree = "<group>"; };
		188FB0561AECF5DA0040EE3E /* ViewController.m */ = {isa = PBXFileReference; lastKnownFileType = sourcecode.c.objc; path = ViewController.m; sourceTree = "<group>"; };
		188FB0591AECF5DA0040EE3E /* Base */ = {isa = PBXFileReference; lastKnownFileType = file.storyboard; name = Base; path = Base.lproj/Main.storyboard; sourceTree = "<group>"; };
		188FB05B1AECF5DA0040EE3E /* Images.xcassets */ = {isa = PBXFileReference; lastKnownFileType = folder.assetcatalog; path = Images.xcassets; sourceTree = "<group>"; };
		188FB05E1AECF5DA0040EE3E /* Base */ = {isa = PBXFileReference; lastKnownFileType = file.xib; name = Base; path = Base.lproj/LaunchScreen.xib; sourceTree = "<group>"; };
		188FB0641AECF5DA0040EE3E /* youtuber-playerTests.xctest */ = {isa = PBXFileReference; explicitFileType = wrapper.cfbundle; includeInIndex = 0; path = "youtuber-playerTests.xctest"; sourceTree = BUILT_PRODUCTS_DIR; };
		188FB0691AECF5DA0040EE3E /* Info.plist */ = {isa = PBXFileReference; lastKnownFileType = text.plist.xml; path = Info.plist; sourceTree = "<group>"; };
		188FB06A1AECF5DA0040EE3E /* youtuber_playerTests.m */ = {isa = PBXFileReference; lastKnownFileType = sourcecode.c.objc; path = youtuber_playerTests.m; sourceTree = "<group>"; };
		2B5CBDF993B9ED5F03CE20A3 /* Pods-youtuber-player.release.xcconfig */ = {isa = PBXFileReference; includeInIndex = 1; lastKnownFileType = text.xcconfig; name = "Pods-youtuber-player.release.xcconfig"; path = "Pods/Target Support Files/Pods-youtuber-player/Pods-youtuber-player.release.xcconfig"; sourceTree = "<group>"; };
		412ECB903A84C2870E3011C2 /* Pods-youtuber-player.debug.xcconfig */ = {isa = PBXFileReference; includeInIndex = 1; lastKnownFileType = text.xcconfig; name = "Pods-youtuber-player.debug.xcconfig"; path = "Pods/Target Support Files/Pods-youtuber-player/Pods-youtuber-player.debug.xcconfig"; sourceTree = "<group>"; };
/* End PBXFileReference section */

/* Begin PBXFrameworksBuildPhase section */
		188FB0481AECF5DA0040EE3E /* Frameworks */ = {
			isa = PBXFrameworksBuildPhase;
			buildActionMask = 2147483647;
			files = (
				E03485FE16857C8328C4554C /* libPods-youtuber-player.a in Frameworks */,
			);
			runOnlyForDeploymentPostprocessing = 0;
		};
		188FB0611AECF5DA0040EE3E /* Frameworks */ = {
			isa = PBXFrameworksBuildPhase;
			buildActionMask = 2147483647;
			files = (
			);
			runOnlyForDeploymentPostprocessing = 0;
		};
/* End PBXFrameworksBuildPhase section */

/* Begin PBXGroup section */
		188FB0421AECF5DA0040EE3E = {
			isa = PBXGroup;
			children = (
				188FB04D1AECF5DA0040EE3E /* youtuber-player */,
				188FB0671AECF5DA0040EE3E /* youtuber-playerTests */,
				188FB04C1AECF5DA0040EE3E /* Products */,
				FBA70AE1DDAFFB4EC6D96F40 /* Pods */,
				A66B81E3D31FEED22C8365A0 /* Frameworks */,
			);
			sourceTree = "<group>";
		};
		188FB04C1AECF5DA0040EE3E /* Products */ = {
			isa = PBXGroup;
			children = (
				188FB04B1AECF5DA0040EE3E /* youtuber-player.app */,
				188FB0641AECF5DA0040EE3E /* youtuber-playerTests.xctest */,
			);
			name = Products;
			sourceTree = "<group>";
		};
		188FB04D1AECF5DA0040EE3E /* youtuber-player */ = {
			isa = PBXGroup;
			children = (
				188FB0521AECF5DA0040EE3E /* AppDelegate.h */,
				188FB0531AECF5DA0040EE3E /* AppDelegate.m */,
				188FB0551AECF5DA0040EE3E /* ViewController.h */,
				188FB0561AECF5DA0040EE3E /* ViewController.m */,
				188FB0581AECF5DA0040EE3E /* Main.storyboard */,
				188FB05B1AECF5DA0040EE3E /* Images.xcassets */,
				188FB05D1AECF5DA0040EE3E /* LaunchScreen.xib */,
				188FB04E1AECF5DA0040EE3E /* Supporting Files */,
			);
			path = "youtuber-player";
			sourceTree = "<group>";
		};
		188FB04E1AECF5DA0040EE3E /* Supporting Files */ = {
			isa = PBXGroup;
			children = (
				188FB04F1AECF5DA0040EE3E /* Info.plist */,
				188FB0501AECF5DA0040EE3E /* main.m */,
			);
			name = "Supporting Files";
			sourceTree = "<group>";
		};
		188FB0671AECF5DA0040EE3E /* youtuber-playerTests */ = {
			isa = PBXGroup;
			children = (
				188FB06A1AECF5DA0040EE3E /* youtuber_playerTests.m */,
				188FB0681AECF5DA0040EE3E /* Supporting Files */,
			);
			path = "youtuber-playerTests";
			sourceTree = "<group>";
		};
		188FB0681AECF5DA0040EE3E /* Supporting Files */ = {
			isa = PBXGroup;
			children = (
				188FB0691AECF5DA0040EE3E /* Info.plist */,
			);
			name = "Supporting Files";
			sourceTree = "<group>";
		};
		A66B81E3D31FEED22C8365A0 /* Frameworks */ = {
			isa = PBXGroup;
			children = (
				029E27E7ED9F6766EA0B71E2 /* libPods-youtuber-player.a */,
			);
			name = Frameworks;
			sourceTree = "<group>";
		};
		FBA70AE1DDAFFB4EC6D96F40 /* Pods */ = {
			isa = PBXGroup;
			children = (
				412ECB903A84C2870E3011C2 /* Pods-youtuber-player.debug.xcconfig */,
				2B5CBDF993B9ED5F03CE20A3 /* Pods-youtuber-player.release.xcconfig */,
			);
			name = Pods;
			sourceTree = "<group>";
		};
/* End PBXGroup section */

/* Begin PBXNativeTarget section */
		188FB04A1AECF5DA0040EE3E /* youtuber-player */ = {
			isa = PBXNativeTarget;
			buildConfigurationList = 188FB06E1AECF5DA0040EE3E /* Build configuration list for PBXNativeTarget "youtuber-player" */;
			buildPhases = (
				9F13230F6A7DCDDC942C7B95 /* Check Pods Manifest.lock */,
				188FB0471AECF5DA0040EE3E /* Sources */,
				188FB0481AECF5DA0040EE3E /* Frameworks */,
				188FB0491AECF5DA0040EE3E /* Resources */,
				D2BB2FA89045562B2A7F386C /* Copy Pods Resources */,
			);
			buildRules = (
			);
			dependencies = (
			);
			name = "youtuber-player";
			productName = "youtuber-player";
			productReference = 188FB04B1AECF5DA0040EE3E /* youtuber-player.app */;
			productType = "com.apple.product-type.application";
		};
		188FB0631AECF5DA0040EE3E /* youtuber-playerTests */ = {
			isa = PBXNativeTarget;
			buildConfigurationList = 188FB0711AECF5DA0040EE3E /* Build configuration list for PBXNativeTarget "youtuber-playerTests" */;
			buildPhases = (
				188FB0601AECF5DA0040EE3E /* Sources */,
				188FB0611AECF5DA0040EE3E /* Frameworks */,
				188FB0621AECF5DA0040EE3E /* Resources */,
			);
			buildRules = (
			);
			dependencies = (
				188FB0661AECF5DA0040EE3E /* PBXTargetDependency */,
			);
			name = "youtuber-playerTests";
			productName = "youtuber-playerTests";
			productReference = 188FB0641AECF5DA0040EE3E /* youtuber-playerTests.xctest */;
			productType = "com.apple.product-type.bundle.unit-test";
		};
/* End PBXNativeTarget section */

/* Begin PBXProject section */
		188FB0431AECF5DA0040EE3E /* Project object */ = {
			isa = PBXProject;
			attributes = {
				LastUpgradeCheck = 0630;
				ORGANIZATIONNAME = toru.furuya;
				TargetAttributes = {
					188FB04A1AECF5DA0040EE3E = {
						CreatedOnToolsVersion = 6.3.1;
					};
					188FB0631AECF5DA0040EE3E = {
						CreatedOnToolsVersion = 6.3.1;
						TestTargetID = 188FB04A1AECF5DA0040EE3E;
					};
				};
			};
			buildConfigurationList = 188FB0461AECF5DA0040EE3E /* Build configuration list for PBXProject "youtuber-player" */;
			compatibilityVersion = "Xcode 3.2";
			developmentRegion = English;
			hasScannedForEncodings = 0;
			knownRegions = (
				en,
				Base,
			);
			mainGroup = 188FB0421AECF5DA0040EE3E;
			productRefGroup = 188FB04C1AECF5DA0040EE3E /* Products */;
			projectDirPath = "";
			projectRoot = "";
			targets = (
				188FB04A1AECF5DA0040EE3E /* youtuber-player */,
				188FB0631AECF5DA0040EE3E /* youtuber-playerTests */,
			);
		};
/* End PBXProject section */

/* Begin PBXResourcesBuildPhase section */
		188FB0491AECF5DA0040EE3E /* Resources */ = {
			isa = PBXResourcesBuildPhase;
			buildActionMask = 2147483647;
			files = (
				188FB05A1AECF5DA0040EE3E /* Main.storyboard in Resources */,
				188FB05F1AECF5DA0040EE3E /* LaunchScreen.xib in Resources */,
				188FB05C1AECF5DA0040EE3E /* Images.xcassets in Resources */,
			);
			runOnlyForDeploymentPostprocessing = 0;
		};
		188FB0621AECF5DA0040EE3E /* Resources */ = {
			isa = PBXResourcesBuildPhase;
			buildActionMask = 2147483647;
			files = (
			);
			runOnlyForDeploymentPostprocessing = 0;
		};
/* End PBXResourcesBuildPhase section */

/* Begin PBXShellScriptBuildPhase section */
		9F13230F6A7DCDDC942C7B95 /* Check Pods Manifest.lock */ = {
			isa = PBXShellScriptBuildPhase;
			buildActionMask = 2147483647;
			files = (
			);
			inputPaths = (
			);
			name = "Check Pods Manifest.lock";
			outputPaths = (
			);
			runOnlyForDeploymentPostprocessing = 0;
			shellPath = /bin/sh;
			shellScript = "diff \"${PODS_ROOT}/../Podfile.lock\" \"${PODS_ROOT}/Manifest.lock\" > /dev/null\nif [[ $? != 0 ]] ; then\n    cat << EOM\nerror: The sandbox is not in sync with the Podfile.lock. Run 'pod install' or update your CocoaPods installation.\nEOM\n    exit 1\nfi\n";
			showEnvVarsInLog = 0;
		};
		D2BB2FA89045562B2A7F386C /* Copy Pods Resources */ = {
			isa = PBXShellScriptBuildPhase;
			buildActionMask = 2147483647;
			files = (
			);
			inputPaths = (
			);
			name = "Copy Pods Resources";
			outputPaths = (
			);
			runOnlyForDeploymentPostprocessing = 0;
			shellPath = /bin/sh;
			shellScript = "\"${SRCROOT}/Pods/Target Support Files/Pods-youtuber-player/Pods-youtuber-player-resources.sh\"\n";
			showEnvVarsInLog = 0;
		};
/* End PBXShellScriptBuildPhase section */

/* Begin PBXSourcesBuildPhase section */
		188FB0471AECF5DA0040EE3E /* Sources */ = {
			isa = PBXSourcesBuildPhase;
			buildActionMask = 2147483647;
			files = (
				188FB0571AECF5DA0040EE3E /* ViewController.m in Sources */,
				188FB0541AECF5DA0040EE3E /* AppDelegate.m in Sources */,
				188FB0511AECF5DA0040EE3E /* main.m in Sources */,
			);
			runOnlyForDeploymentPostprocessing = 0;
		};
		188FB0601AECF5DA0040EE3E /* Sources */ = {
			isa = PBXSourcesBuildPhase;
			buildActionMask = 2147483647;
			files = (
				188FB06B1AECF5DA0040EE3E /* youtuber_playerTests.m in Sources */,
			);
			runOnlyForDeploymentPostprocessing = 0;
		};
/* End PBXSourcesBuildPhase section */

/* Begin PBXTargetDependency section */
		188FB0661AECF5DA0040EE3E /* PBXTargetDependency */ = {
			isa = PBXTargetDependency;
			target = 188FB04A1AECF5DA0040EE3E /* youtuber-player */;
			targetProxy = 188FB0651AECF5DA0040EE3E /* PBXContainerItemProxy */;
		};
/* End PBXTargetDependency section */

/* Begin PBXVariantGroup section */
		188FB0581AECF5DA0040EE3E /* Main.storyboard */ = {
			isa = PBXVariantGroup;
			children = (
				188FB0591AECF5DA0040EE3E /* Base */,
			);
			name = Main.storyboard;
			sourceTree = "<group>";
		};
		188FB05D1AECF5DA0040EE3E /* LaunchScreen.xib */ = {
			isa = PBXVariantGroup;
			children = (
				188FB05E1AECF5DA0040EE3E /* Base */,
			);
			name = LaunchScreen.xib;
			sourceTree = "<group>";
		};
/* End PBXVariantGroup section */

/* Begin XCBuildConfiguration section */
		188FB06C1AECF5DA0040EE3E /* Debug */ = {
			isa = XCBuildConfiguration;
			buildSettings = {
				ALWAYS_SEARCH_USER_PATHS = NO;
				CLANG_CXX_LANGUAGE_STANDARD = "gnu++0x";
				CLANG_CXX_LIBRARY = "libc++";
				CLANG_ENABLE_MODULES = YES;
				CLANG_ENABLE_OBJC_ARC = YES;
				CLANG_WARN_BOOL_CONVERSION = YES;
				CLANG_WARN_CONSTANT_CONVERSION = YES;
				CLANG_WARN_DIRECT_OBJC_ISA_USAGE = YES_ERROR;
				CLANG_WARN_EMPTY_BODY = YES;
				CLANG_WARN_ENUM_CONVERSION = YES;
				CLANG_WARN_INT_CONVERSION = YES;
				CLANG_WARN_OBJC_ROOT_CLASS = YES_ERROR;
				CLANG_WARN_UNREACHABLE_CODE = YES;
				CLANG_WARN__DUPLICATE_METHOD_MATCH = YES;
				"CODE_SIGN_IDENTITY[sdk=iphoneos*]" = "iPhone Developer";
				COPY_PHASE_STRIP = NO;
				DEBUG_INFORMATION_FORMAT = "dwarf-with-dsym";
				ENABLE_STRICT_OBJC_MSGSEND = YES;
				GCC_C_LANGUAGE_STANDARD = gnu99;
				GCC_DYNAMIC_NO_PIC = NO;
				GCC_NO_COMMON_BLOCKS = YES;
				GCC_OPTIMIZATION_LEVEL = 0;
				GCC_PREPROCESSOR_DEFINITIONS = (
					"DEBUG=1",
					"$(inherited)",
				);
				GCC_SYMBOLS_PRIVATE_EXTERN = NO;
				GCC_WARN_64_TO_32_BIT_CONVERSION = YES;
				GCC_WARN_ABOUT_RETURN_TYPE = YES_ERROR;
				GCC_WARN_UNDECLARED_SELECTOR = YES;
				GCC_WARN_UNINITIALIZED_AUTOS = YES_AGGRESSIVE;
				GCC_WARN_UNUSED_FUNCTION = YES;
				GCC_WARN_UNUSED_VARIABLE = YES;
				IPHONEOS_DEPLOYMENT_TARGET = 8.3;
				MTL_ENABLE_DEBUG_INFO = YES;
				ONLY_ACTIVE_ARCH = YES;
				SDKROOT = iphoneos;
			};
			name = Debug;
		};
		188FB06D1AECF5DA0040EE3E /* Release */ = {
			isa = XCBuildConfiguration;
			buildSettings = {
				ALWAYS_SEARCH_USER_PATHS = NO;
				CLANG_CXX_LANGUAGE_STANDARD = "gnu++0x";
				CLANG_CXX_LIBRARY = "libc++";
				CLANG_ENABLE_MODULES = YES;
				CLANG_ENABLE_OBJC_ARC = YES;
				CLANG_WARN_BOOL_CONVERSION = YES;
				CLANG_WARN_CONSTANT_CONVERSION = YES;
				CLANG_WARN_DIRECT_OBJC_ISA_USAGE = YES_ERROR;
				CLANG_WARN_EMPTY_BODY = YES;
				CLANG_WARN_ENUM_CONVERSION = YES;
				CLANG_WARN_INT_CONVERSION = YES;
				CLANG_WARN_OBJC_ROOT_CLASS = YES_ERROR;
				CLANG_WARN_UNREACHABLE_CODE = YES;
				CLANG_WARN__DUPLICATE_METHOD_MATCH = YES;
				"CODE_SIGN_IDENTITY[sdk=iphoneos*]" = "iPhone Developer";
				COPY_PHASE_STRIP = NO;
				DEBUG_INFORMATION_FORMAT = "dwarf-with-dsym";
				ENABLE_NS_ASSERTIONS = NO;
				ENABLE_STRICT_OBJC_MSGSEND = YES;
				GCC_C_LANGUAGE_STANDARD = gnu99;
				GCC_NO_COMMON_BLOCKS = YES;
				GCC_WARN_64_TO_32_BIT_CONVERSION = YES;
				GCC_WARN_ABOUT_RETURN_TYPE = YES_ERROR;
				GCC_WARN_UNDECLARED_SELECTOR = YES;
				GCC_WARN_UNINITIALIZED_AUTOS = YES_AGGRESSIVE;
				GCC_WARN_UNUSED_FUNCTION = YES;
				GCC_WARN_UNUSED_VARIABLE = YES;
				IPHONEOS_DEPLOYMENT_TARGET = 8.3;
				MTL_ENABLE_DEBUG_INFO = NO;
				SDKROOT = iphoneos;
				VALIDATE_PRODUCT = YES;
			};
			name = Release;
		};
		188FB06F1AECF5DA0040EE3E /* Debug */ = {
			isa = XCBuildConfiguration;
			baseConfigurationReference = 412ECB903A84C2870E3011C2 /* Pods-youtuber-player.debug.xcconfig */;
			buildSettings = {
				ASSETCATALOG_COMPILER_APPICON_NAME = AppIcon;
				INFOPLIST_FILE = "youtuber-player/Info.plist";
				LD_RUNPATH_SEARCH_PATHS = "$(inherited) @executable_path/Frameworks";
				PRODUCT_NAME = "$(TARGET_NAME)";
			};
			name = Debug;
		};
		188FB0701AECF5DA0040EE3E /* Release */ = {
			isa = XCBuildConfiguration;
			baseConfigurationReference = 2B5CBDF993B9ED5F03CE20A3 /* Pods-youtuber-player.release.xcconfig */;
			buildSettings = {
				ASSETCATALOG_COMPILER_APPICON_NAME = AppIcon;
				INFOPLIST_FILE = "youtuber-player/Info.plist";
				LD_RUNPATH_SEARCH_PATHS = "$(inherited) @executable_path/Frameworks";
				PRODUCT_NAME = "$(TARGET_NAME)";
			};
			name = Release;
		};
		188FB0721AECF5DA0040EE3E /* Debug */ = {
			isa = XCBuildConfiguration;
			buildSettings = {
				BUNDLE_LOADER = "$(TEST_HOST)";
				FRAMEWORK_SEARCH_PATHS = (
					"$(SDKROOT)/Developer/Library/Frameworks",
					"$(inherited)",
				);
				GCC_PREPROCESSOR_DEFINITIONS = (
					"DEBUG=1",
					"$(inherited)",
				);
				INFOPLIST_FILE = "youtuber-playerTests/Info.plist";
				LD_RUNPATH_SEARCH_PATHS = "$(inherited) @executable_path/Frameworks @loader_path/Frameworks";
				PRODUCT_NAME = "$(TARGET_NAME)";
				TEST_HOST = "$(BUILT_PRODUCTS_DIR)/youtuber-player.app/youtuber-player";
			};
			name = Debug;
		};
		188FB0731AECF5DA0040EE3E /* Release */ = {
			isa = XCBuildConfiguration;
			buildSettings = {
				BUNDLE_LOADER = "$(TEST_HOST)";
				FRAMEWORK_SEARCH_PATHS = (
					"$(SDKROOT)/Developer/Library/Frameworks",
					"$(inherited)",
				);
				INFOPLIST_FILE = "youtuber-playerTests/Info.plist";
				LD_RUNPATH_SEARCH_PATHS = "$(inherited) @executable_path/Frameworks @loader_path/Frameworks";
				PRODUCT_NAME = "$(TARGET_NAME)";
				TEST_HOST = "$(BUILT_PRODUCTS_DIR)/youtuber-player.app/youtuber-player";
			};
			name = Release;
		};
/* End XCBuildConfiguration section */

/* Begin XCConfigurationList section */
		188FB0461AECF5DA0040EE3E /* Build configuration list for PBXProject "youtuber-player" */ = {
			isa = XCConfigurationList;
			buildConfigurations = (
				188FB06C1AECF5DA0040EE3E /* Debug */,
				188FB06D1AECF5DA0040EE3E /* Release */,
			);
			defaultConfigurationIsVisible = 0;
			defaultConfigurationName = Release;
		};
		188FB06E1AECF5DA0040EE3E /* Build configuration list for PBXNativeTarget "youtuber-player" */ = {
			isa = XCConfigurationList;
			buildConfigurations = (
				188FB06F1AECF5DA0040EE3E /* Debug */,
				188FB0701AECF5DA0040EE3E /* Release */,
			);
			defaultConfigurationIsVisible = 0;
			defaultConfigurationName = Release;
		};
		188FB0711AECF5DA0040EE3E /* Build configuration list for PBXNativeTarget "youtuber-playerTests" */ = {
			isa = XCConfigurationList;
			buildConfigurations = (
				188FB0721AECF5DA0040EE3E /* Debug */,
				188FB0731AECF5DA0040EE3E /* Release */,
			);
			defaultConfigurationIsVisible = 0;
			defaultConfigurationName = Release;
		};
/* End XCConfigurationList section */
	};
	rootObject = 188FB0431AECF5DA0040EE3E /* Project object */;
}
